
Microsoft Visual Studio Solution File, Format Version 12.00
# Visual Studio Version 17
VisualStudioVersion = 17.1.32407.343
MinimumVisualStudioVersion = 10.0.40219.1
Project("{FAE04EC0-301F-11D3-BF4B-00C04F79EFBC}") = "teris", "teris\teris.csproj", "{C0E6D1AA-5178-4B41-B1E2-55C25ADFE284}"
EndProject
Global
	GlobalSection(SolutionConfigurationPlatforms) = preSolution
		Debug|Any CPU = Debug|Any CPU
		Release|Any CPU = Release|Any CPU
	EndGlobalSection
	GlobalSection(ProjectConfigurationPlatforms) = postSolution
		{C0E6D1AA-5178-4B41-B1E2-55C25ADFE284}.Debug|Any CPU.ActiveCfg = Debug|Any CPU
		{C0E6D1AA-5178-4B41-B1E2-55C25ADFE284}.Debug|Any CPU.Build.0 = Debug|Any CPU
		{C0E6D1AA-5178-4B41-B1E2-55C25ADFE284}.Release|Any CPU.ActiveCfg = Release|Any CPU
		{C0E6D1AA-5178-4B41-B1E2-55C25ADFE284}.Release|Any CPU.Build.0 = Release|Any CPU
	EndGlobalSection
	GlobalSection(SolutionProperties) = preSolution
		HideSolutionNode = FALSE
	EndGlobalSection
	GlobalSection(ExtensibilityGlobals) = postSolution
		SolutionGuid = {08AD5145-DA98-4CDC-84AA-09C953506B49}
	EndGlobalSection
EndGlobal
